{
  "requires": true,
  "lockfileVersion": 1,
  "dependencies": {
    "@types/lodash": {
      "version": "3.10.1",
      "resolved": "https://registry.npm.taobao.org/@types/lodash/download/@types/lodash-3.10.1.tgz",
      "integrity": "sha1-74yMNWSfB4hOD7d2OyS6r34XXDY="
    },
    "@types/screeps": {
      "version": "3.0.0",
      "resolved": "https://registry.npm.taobao.org/@types/screeps/download/@types/screeps-3.0.0.tgz",
      "integrity": "sha1-U+Ec/Q1qnemsMt49OiFaS0Panzg="
    }
  }
}
